# THIS IS AN AUTOGENERATED FILE. DO NOT EDIT THIS FILE DIRECTLY.
# yarn lockfile v1


moment@^2.22.2:
  version "2.22.2"
  resolved "https://registry.yarnpkg.com/moment/-/moment-2.22.2.tgz#3c257f9839fc0e93ff53149632239eb90783ff66"

string@^3.3.3:
  version "3.3.3"
  resolved "https://registry.yarnpkg.com/string/-/string-3.3.3.tgz#5ea211cd92d228e184294990a6cc97b366a77cb0"
